{
  "name": "caydock-hugo",
  "version": "1.0.0",
  "lockfileVersion": 3,
  "requires": true,
  "packages": {
    "": {
      "name": "caydock-hugo",
      "version": "1.0.0",
      "license": "MIT",
      "devDependencies": {},
      "engines": {
        "hugo": ">=0.121.0",
        "node": ">=18.0.0"
      }
    }
  }
}
